
Microsoft Visual Studio Solution File, Format Version 12.00
# Visual Studio Version 17
VisualStudioVersion = 17.11.35327.3
MinimumVisualStudioVersion = 10.0.40219.1
Project("{FAE04EC0-301F-11D3-BF4B-00C04F79EFBC}") = "ConsoleApp03.12.24", "ConsoleApp03.12.24.csproj", "{42723C10-F399-4EB6-B1F7-EFE3AB0E0C12}"
EndProject
Global
	GlobalSection(SolutionConfigurationPlatforms) = preSolution
		Debug|Any CPU = Debug|Any CPU
		Release|Any CPU = Release|Any CPU
	EndGlobalSection
	GlobalSection(ProjectConfigurationPlatforms) = postSolution
		{42723C10-F399-4EB6-B1F7-EFE3AB0E0C12}.Debug|Any CPU.ActiveCfg = Debug|Any CPU
		{42723C10-F399-4EB6-B1F7-EFE3AB0E0C12}.Debug|Any CPU.Build.0 = Debug|Any CPU
		{42723C10-F399-4EB6-B1F7-EFE3AB0E0C12}.Release|Any CPU.ActiveCfg = Release|Any CPU
		{42723C10-F399-4EB6-B1F7-EFE3AB0E0C12}.Release|Any CPU.Build.0 = Release|Any CPU
	EndGlobalSection
	GlobalSection(SolutionProperties) = preSolution
		HideSolutionNode = FALSE
	EndGlobalSection
	GlobalSection(ExtensibilityGlobals) = postSolution
		SolutionGuid = {EF708E6F-C41C-470D-B689-79E4451ABDEB}
	EndGlobalSection
EndGlobal
