
Microsoft Visual Studio Solution File, Format Version 12.00
# Visual Studio Version 17
VisualStudioVersion = 17.11.35327.3
MinimumVisualStudioVersion = 10.0.40219.1
Project("{FAE04EC0-301F-11D3-BF4B-00C04F79EFBC}") = "ConsoleApp11-2-classwork", "ConsoleApp11-2-classwork.csproj", "{4A7D694E-3048-4B23-A443-4F1A3A5FD28A}"
EndProject
Global
	GlobalSection(SolutionConfigurationPlatforms) = preSolution
		Debug|Any CPU = Debug|Any CPU
		Release|Any CPU = Release|Any CPU
	EndGlobalSection
	GlobalSection(ProjectConfigurationPlatforms) = postSolution
		{4A7D694E-3048-4B23-A443-4F1A3A5FD28A}.Debug|Any CPU.ActiveCfg = Debug|Any CPU
		{4A7D694E-3048-4B23-A443-4F1A3A5FD28A}.Debug|Any CPU.Build.0 = Debug|Any CPU
		{4A7D694E-3048-4B23-A443-4F1A3A5FD28A}.Release|Any CPU.ActiveCfg = Release|Any CPU
		{4A7D694E-3048-4B23-A443-4F1A3A5FD28A}.Release|Any CPU.Build.0 = Release|Any CPU
	EndGlobalSection
	GlobalSection(SolutionProperties) = preSolution
		HideSolutionNode = FALSE
	EndGlobalSection
	GlobalSection(ExtensibilityGlobals) = postSolution
		SolutionGuid = {4AB15BB2-70DB-47B8-9126-09E1957169BC}
	EndGlobalSection
EndGlobal
